
Microsoft Visual Studio Solution File, Format Version 12.00
# Visual Studio Version 17
VisualStudioVersion = 17.3.32922.545
MinimumVisualStudioVersion = 10.0.40219.1
Project("{FAE04EC0-301F-11D3-BF4B-00C04F79EFBC}") = "GrpcServer2", "GrpcServer2\GrpcServer2.csproj", "{AB26E66B-288F-49EC-8C01-7457DD41CCC9}"
EndProject
Project("{FAE04EC0-301F-11D3-BF4B-00C04F79EFBC}") = "GrpcClient", "GrpcClient\GrpcClient.csproj", "{FA56D6EE-C8F8-4E89-8A94-FE8DFC28217D}"
EndProject
Global
	GlobalSection(SolutionConfigurationPlatforms) = preSolution
		Debug|Any CPU = Debug|Any CPU
		Release|Any CPU = Release|Any CPU
	EndGlobalSection
	GlobalSection(ProjectConfigurationPlatforms) = postSolution
		{AB26E66B-288F-49EC-8C01-7457DD41CCC9}.Debug|Any CPU.ActiveCfg = Debug|Any CPU
		{AB26E66B-288F-49EC-8C01-7457DD41CCC9}.Debug|Any CPU.Build.0 = Debug|Any CPU
		{AB26E66B-288F-49EC-8C01-7457DD41CCC9}.Release|Any CPU.ActiveCfg = Release|Any CPU
		{AB26E66B-288F-49EC-8C01-7457DD41CCC9}.Release|Any CPU.Build.0 = Release|Any CPU
		{FA56D6EE-C8F8-4E89-8A94-FE8DFC28217D}.Debug|Any CPU.ActiveCfg = Debug|Any CPU
		{FA56D6EE-C8F8-4E89-8A94-FE8DFC28217D}.Debug|Any CPU.Build.0 = Debug|Any CPU
		{FA56D6EE-C8F8-4E89-8A94-FE8DFC28217D}.Release|Any CPU.ActiveCfg = Release|Any CPU
		{FA56D6EE-C8F8-4E89-8A94-FE8DFC28217D}.Release|Any CPU.Build.0 = Release|Any CPU
	EndGlobalSection
	GlobalSection(SolutionProperties) = preSolution
		HideSolutionNode = FALSE
	EndGlobalSection
	GlobalSection(ExtensibilityGlobals) = postSolution
		SolutionGuid = {97C7DB11-234D-4E30-9136-88B1AD7874F3}
	EndGlobalSection
EndGlobal
